// !$*UTF8*$!
{
	archiveVersion = 1;
	classes = {
	};
	objectVersion = 56;
	objects = {

/* Begin PBXBuildFile section */
		5E1476662B7A724500D51196 /* assignment_notebook_2App.swift in Sources */ = {isa = PBXBuildFile; fileRef = 5E1476652B7A724500D51196 /* assignment_notebook_2App.swift */; };
		5E1476682B7A724500D51196 /* ContentView.swift in Sources */ = {isa = PBXBuildFile; fileRef = 5E1476672B7A724500D51196 /* ContentView.swift */; };
		5E14766A2B7A724700D51196 /* Assets.xcassets in Resources */ = {isa = PBXBuildFile; fileRef = 5E1476692B7A724700D51196 /* Assets.xcassets */; };
		5E14766D2B7A724700D51196 /* Preview Assets.xcassets in Resources */ = {isa = PBXBuildFile; fileRef = 5E14766C2B7A724700D51196 /* Preview Assets.xcassets */; };
		5E1476772B7A724700D51196 /* assignment_notebook_2Tests.swift in Sources */ = {isa = PBXBuildFile; fileRef = 5E1476762B7A724700D51196 /* assignment_notebook_2Tests.swift */; };
		5E1476812B7A724700D51196 /* assignment_notebook_2UITests.swift in Sources */ = {isa = PBXBuildFile; fileRef = 5E1476802B7A724700D51196 /* assignment_notebook_2UITests.swift */; };
		5E1476832B7A724700D51196 /* assignment_notebook_2UITestsLaunchTests.swift in Sources */ = {isa = PBXBuildFile; fileRef = 5E1476822B7A724700D51196 /* assignment_notebook_2UITestsLaunchTests.swift */; };
/* End PBXBuildFile section */

/* Begin PBXContainerItemProxy section */
		5E1476732B7A724700D51196 /* PBXContainerItemProxy */ = {
			isa = PBXContainerItemProxy;
			containerPortal = 5E14765A2B7A724500D51196 /* Project object */;
			proxyType = 1;
			remoteGlobalIDString = 5E1476612B7A724500D51196;
			remoteInfo = "assignment notebook 2";
		};
		5E14767D2B7A724700D51196 /* PBXContainerItemProxy */ = {
			isa = PBXContainerItemProxy;
			containerPortal = 5E14765A2B7A724500D51196 /* Project object */;
			proxyType = 1;
			remoteGlobalIDString = 5E1476612B7A724500D51196;
			remoteInfo = "assignment notebook 2";
		};
/* End PBXContainerItemProxy section */

/* Begin PBXFileReference section */
		5E1476622B7A724500D51196 /* assignment notebook 2.app */ = {isa = PBXFileReference; explicitFileType = wrapper.application; includeInIndex = 0; path = "assignment notebook 2.app"; sourceTree = BUILT_PRODUCTS_DIR; };
		5E1476652B7A724500D51196 /* assignment_notebook_2App.swift */ = {isa = PBXFileReference; lastKnownFileType = sourcecode.swift; path = assignment_notebook_2App.swift; sourceTree = "<group>"; };
		5E1476672B7A724500D51196 /* ContentView.swift */ = {isa = PBXFileReference; lastKnownFileType = sourcecode.swift; path = ContentView.swift; sourceTree = "<group>"; };
		5E1476692B7A724700D51196 /* Assets.xcassets */ = {isa = PBXFileReference; lastKnownFileType = folder.assetcatalog; path = Assets.xcassets; sourceTree = "<group>"; };
		5E14766C2B7A724700D51196 /* Preview Assets.xcassets */ = {isa = PBXFileReference; lastKnownFileType = folder.assetcatalog; path = "Preview Assets.xcassets"; sourceTree = "<group>"; };
		5E1476722B7A724700D51196 /* assignment notebook 2Tests.xctest */ = {isa = PBXFileReference; explicitFileType = wrapper.cfbundle; includeInIndex = 0; path = "assignment notebook 2Tests.xctest"; sourceTree = BUILT_PRODUCTS_DIR; };
		5E1476762B7A724700D51196 /* assignment_notebook_2Tests.swift */ = {isa = PBXFileReference; lastKnownFileType = sourcecode.swift; path = assignment_notebook_2Tests.swift; sourceTree = "<group>"; };
		5E14767C2B7A724700D51196 /* assignment notebook 2UITests.xctest */ = {isa = PBXFileReference; explicitFileType = wrapper.cfbundle; includeInIndex = 0; path = "assignment notebook 2UITests.xctest"; sourceTree = BUILT_PRODUCTS_DIR; };
		5E1476802B7A724700D51196 /* assignment_notebook_2UITests.swift */ = {isa = PBXFileReference; lastKnownFileType = sourcecode.swift; path = assignment_notebook_2UITests.swift; sourceTree = "<group>"; };
		5E1476822B7A724700D51196 /* assignment_notebook_2UITestsLaunchTests.swift */ = {isa = PBXFileReference; lastKnownFileType = sourcecode.swift; path = assignment_notebook_2UITestsLaunchTests.swift; sourceTree = "<group>"; };
/* End PBXFileReference section */

/* Begin PBXFrameworksBuildPhase section */
		5E14765F2B7A724500D51196 /* Frameworks */ = {
			isa = PBXFrameworksBuildPhase;
			buildActionMask = 2147483647;
			files = (
			);
			runOnlyForDeploymentPostprocessing = 0;
		};
		5E14766F2B7A724700D51196 /* Frameworks */ = {
			isa = PBXFrameworksBuildPhase;
			buildActionMask = 2147483647;
			files = (
			);
			runOnlyForDeploymentPostprocessing = 0;
		};
		5E1476792B7A724700D51196 /* Frameworks */ = {
			isa = PBXFrameworksBuildPhase;
			buildActionMask = 2147483647;
			files = (
			);
			runOnlyForDeploymentPostprocessing = 0;
		};
/* End PBXFrameworksBuildPhase section */

/* Begin PBXGroup section */
		5E1476592B7A724500D51196 = {
			isa = PBXGroup;
			children = (
				5E1476642B7A724500D51196 /* assignment notebook 2 */,
				5E1476752B7A724700D51196 /* assignment notebook 2Tests */,
				5E14767F2B7A724700D51196 /* assignment notebook 2UITests */,
				5E1476632B7A724500D51196 /* Products */,
			);
			sourceTree = "<group>";
		};
		5E1476632B7A724500D51196 /* Products */ = {
			isa = PBXGroup;
			children = (
				5E1476622B7A724500D51196 /* assignment notebook 2.app */,
				5E1476722B7A724700D51196 /* assignment notebook 2Tests.xctest */,
				5E14767C2B7A724700D51196 /* assignment notebook 2UITests.xctest */,
			);
			name = Products;
			sourceTree = "<group>";
		};
		5E1476642B7A724500D51196 /* assignment notebook 2 */ = {
			isa = PBXGroup;
			children = (
				5E1476652B7A724500D51196 /* assignment_notebook_2App.swift */,
				5E1476672B7A724500D51196 /* ContentView.swift */,
				5E1476692B7A724700D51196 /* Assets.xcassets */,
				5E14766B2B7A724700D51196 /* Preview Content */,
			);
			path = "assignment notebook 2";
			sourceTree = "<group>";
		};
		5E14766B2B7A724700D51196 /* Preview Content */ = {
			isa = PBXGroup;
			children = (
				5E14766C2B7A724700D51196 /* Preview Assets.xcassets */,
			);
			path = "Preview Content";
			sourceTree = "<group>";
		};
		5E1476752B7A724700D51196 /* assignment notebook 2Tests */ = {
			isa = PBXGroup;
			children = (
				5E1476762B7A724700D51196 /* assignment_notebook_2Tests.swift */,
			);
			path = "assignment notebook 2Tests";
			sourceTree = "<group>";
		};
		5E14767F2B7A724700D51196 /* assignment notebook 2UITests */ = {
			isa = PBXGroup;
			children = (
				5E1476802B7A724700D51196 /* assignment_notebook_2UITests.swift */,
				5E1476822B7A724700D51196 /* assignment_notebook_2UITestsLaunchTests.swift */,
			);
			path = "assignment notebook 2UITests";
			sourceTree = "<group>";
		};
/* End PBXGroup section */

/* Begin PBXNativeTarget section */
		5E1476612B7A724500D51196 /* assignment notebook 2 */ = {
			isa = PBXNativeTarget;
			buildConfigurationList = 5E1476862B7A724700D51196 /* Build configuration list for PBXNativeTarget "assignment notebook 2" */;
			buildPhases = (
				5E14765E2B7A724500D51196 /* Sources */,
				5E14765F2B7A724500D51196 /* Frameworks */,
				5E1476602B7A724500D51196 /* Resources */,
			);
			buildRules = (
			);
			dependencies = (
			);
			name = "assignment notebook 2";
			productName = "assignment notebook 2";
			productReference = 5E1476622B7A724500D51196 /* assignment notebook 2.app */;
			productType = "com.apple.product-type.application";
		};
		5E1476712B7A724700D51196 /* assignment notebook 2Tests */ = {
			isa = PBXNativeTarget;
			buildConfigurationList = 5E1476892B7A724700D51196 /* Build configuration list for PBXNativeTarget "assignment notebook 2Tests" */;
			buildPhases = (
				5E14766E2B7A724700D51196 /* Sources */,
				5E14766F2B7A724700D51196 /* Frameworks */,
				5E1476702B7A724700D51196 /* Resources */,
			);
			buildRules = (
			);
			dependencies = (
				5E1476742B7A724700D51196 /* PBXTargetDependency */,
			);
			name = "assignment notebook 2Tests";
			productName = "assignment notebook 2Tests";
			productReference = 5E1476722B7A724700D51196 /* assignment notebook 2Tests.xctest */;
			productType = "com.apple.product-type.bundle.unit-test";
		};
		5E14767B2B7A724700D51196 /* assignment notebook 2UITests */ = {
			isa = PBXNativeTarget;
			buildConfigurationList = 5E14768C2B7A724700D51196 /* Build configuration list for PBXNativeTarget "assignment notebook 2UITests" */;
			buildPhases = (
				5E1476782B7A724700D51196 /* Sources */,
				5E1476792B7A724700D51196 /* Frameworks */,
				5E14767A2B7A724700D51196 /* Resources */,
			);
			buildRules = (
			);
			dependencies = (
				5E14767E2B7A724700D51196 /* PBXTargetDependency */,
			);
			name = "assignment notebook 2UITests";
			productName = "assignment notebook 2UITests";
			productReference = 5E14767C2B7A724700D51196 /* assignment notebook 2UITests.xctest */;
			productType = "com.apple.product-type.bundle.ui-testing";
		};
/* End PBXNativeTarget section */

/* Begin PBXProject section */
		5E14765A2B7A724500D51196 /* Project object */ = {
			isa = PBXProject;
			attributes = {
				BuildIndependentTargetsInParallel = 1;
				LastSwiftUpdateCheck = 1430;
				LastUpgradeCheck = 1430;
				TargetAttributes = {
					5E1476612B7A724500D51196 = {
						CreatedOnToolsVersion = 14.3.1;
					};
					5E1476712B7A724700D51196 = {
						CreatedOnToolsVersion = 14.3.1;
						TestTargetID = 5E1476612B7A724500D51196;
					};
					5E14767B2B7A724700D51196 = {
						CreatedOnToolsVersion = 14.3.1;
						TestTargetID = 5E1476612B7A724500D51196;
					};
				};
			};
			buildConfigurationList = 5E14765D2B7A724500D51196 /* Build configuration list for PBXProject "assignment notebook 2" */;
			compatibilityVersion = "Xcode 14.0";
			developmentRegion = en;
			hasScannedForEncodings = 0;
			knownRegions = (
				en,
				Base,
			);
			mainGroup = 5E1476592B7A724500D51196;
			productRefGroup = 5E1476632B7A724500D51196 /* Products */;
			projectDirPath = "";
			projectRoot = "";
			targets = (
				5E1476612B7A724500D51196 /* assignment notebook 2 */,
				5E1476712B7A724700D51196 /* assignment notebook 2Tests */,
				5E14767B2B7A724700D51196 /* assignment notebook 2UITests */,
			);
		};
/* End PBXProject section */

/* Begin PBXResourcesBuildPhase section */
		5E1476602B7A724500D51196 /* Resources */ = {
			isa = PBXResourcesBuildPhase;
			buildActionMask = 2147483647;
			files = (
				5E14766D2B7A724700D51196 /* Preview Assets.xcassets in Resources */,
				5E14766A2B7A724700D51196 /* Assets.xcassets in Resources */,
			);
			runOnlyForDeploymentPostprocessing = 0;
		};
		5E1476702B7A724700D51196 /* Resources */ = {
			isa = PBXResourcesBuildPhase;
			buildActionMask = 2147483647;
			files = (
			);
			runOnlyForDeploymentPostprocessing = 0;
		};
		5E14767A2B7A724700D51196 /* Resources */ = {
			isa = PBXResourcesBuildPhase;
			buildActionMask = 2147483647;
			files = (
			);
			runOnlyForDeploymentPostprocessing = 0;
		};
/* End PBXResourcesBuildPhase section */

/* Begin PBXSourcesBuildPhase section */
		5E14765E2B7A724500D51196 /* Sources */ = {
			isa = PBXSourcesBuildPhase;
			buildActionMask = 2147483647;
			files = (
				5E1476682B7A724500D51196 /* ContentView.swift in Sources */,
				5E1476662B7A724500D51196 /* assignment_notebook_2App.swift in Sources */,
			);
			runOnlyForDeploymentPostprocessing = 0;
		};
		5E14766E2B7A724700D51196 /* Sources */ = {
			isa = PBXSourcesBuildPhase;
			buildActionMask = 2147483647;
			files = (
				5E1476772B7A724700D51196 /* assignment_notebook_2Tests.swift in Sources */,
			);
			runOnlyForDeploymentPostprocessing = 0;
		};
		5E1476782B7A724700D51196 /* Sources */ = {
			isa = PBXSourcesBuildPhase;
			buildActionMask = 2147483647;
			files = (
				5E1476812B7A724700D51196 /* assignment_notebook_2UITests.swift in Sources */,
				5E1476832B7A724700D51196 /* assignment_notebook_2UITestsLaunchTests.swift in Sources */,
			);
			runOnlyForDeploymentPostprocessing = 0;
		};
/* End PBXSourcesBuildPhase section */

/* Begin PBXTargetDependency section */
		5E1476742B7A724700D51196 /* PBXTargetDependency */ = {
			isa = PBXTargetDependency;
			target = 5E1476612B7A724500D51196 /* assignment notebook 2 */;
			targetProxy = 5E1476732B7A724700D51196 /* PBXContainerItemProxy */;
		};
		5E14767E2B7A724700D51196 /* PBXTargetDependency */ = {
			isa = PBXTargetDependency;
			target = 5E1476612B7A724500D51196 /* assignment notebook 2 */;
			targetProxy = 5E14767D2B7A724700D51196 /* PBXContainerItemProxy */;
		};
/* End PBXTargetDependency section */

/* Begin XCBuildConfiguration section */
		5E1476842B7A724700D51196 /* Debug */ = {
			isa = XCBuildConfiguration;
			buildSettings = {
				ALWAYS_SEARCH_USER_PATHS = NO;
				CLANG_ANALYZER_NONNULL = YES;
				CLANG_ANALYZER_NUMBER_OBJECT_CONVERSION = YES_AGGRESSIVE;
				CLANG_CXX_LANGUAGE_STANDARD = "gnu++20";
				CLANG_ENABLE_MODULES = YES;
				CLANG_ENABLE_OBJC_ARC = YES;
				CLANG_ENABLE_OBJC_WEAK = YES;
				CLANG_WARN_BLOCK_CAPTURE_AUTORELEASING = YES;
				CLANG_WARN_BOOL_CONVERSION = YES;
				CLANG_WARN_COMMA = YES;
				CLANG_WARN_CONSTANT_CONVERSION = YES;
				CLANG_WARN_DEPRECATED_OBJC_IMPLEMENTATIONS = YES;
				CLANG_WARN_DIRECT_OBJC_ISA_USAGE = YES_ERROR;
				CLANG_WARN_DOCUMENTATION_COMMENTS = YES;
				CLANG_WARN_EMPTY_BODY = YES;
				CLANG_WARN_ENUM_CONVERSION = YES;
				CLANG_WARN_INFINITE_RECURSION = YES;
				CLANG_WARN_INT_CONVERSION = YES;
				CLANG_WARN_NON_LITERAL_NULL_CONVERSION = YES;
				CLANG_WARN_OBJC_IMPLICIT_RETAIN_SELF = YES;
				CLANG_WARN_OBJC_LITERAL_CONVERSION = YES;
				CLANG_WARN_OBJC_ROOT_CLASS = YES_ERROR;
				CLANG_WARN_QUOTED_INCLUDE_IN_FRAMEWORK_HEADER = YES;
				CLANG_WARN_RANGE_LOOP_ANALYSIS = YES;
				CLANG_WARN_STRICT_PROTOTYPES = YES;
				CLANG_WARN_SUSPICIOUS_MOVE = YES;
				CLANG_WARN_UNGUARDED_AVAILABILITY = YES_AGGRESSIVE;
				CLANG_WARN_UNREACHABLE_CODE = YES;
				CLANG_WARN__DUPLICATE_METHOD_MATCH = YES;
				COPY_PHASE_STRIP = NO;
				DEBUG_INFORMATION_FORMAT = dwarf;
				ENABLE_STRICT_OBJC_MSGSEND = YES;
				ENABLE_TESTABILITY = YES;
				GCC_C_LANGUAGE_STANDARD = gnu11;
				GCC_DYNAMIC_NO_PIC = NO;
				GCC_NO_COMMON_BLOCKS = YES;
				GCC_OPTIMIZATION_LEVEL = 0;
				GCC_PREPROCESSOR_DEFINITIONS = (
					"DEBUG=1",
					"$(inherited)",
				);
				GCC_WARN_64_TO_32_BIT_CONVERSION = YES;
				GCC_WARN_ABOUT_RETURN_TYPE = YES_ERROR;
				GCC_WARN_UNDECLARED_SELECTOR = YES;
				GCC_WARN_UNINITIALIZED_AUTOS = YES_AGGRESSIVE;
				GCC_WARN_UNUSED_FUNCTION = YES;
				GCC_WARN_UNUSED_VARIABLE = YES;
				IPHONEOS_DEPLOYMENT_TARGET = 16.4;
				MTL_ENABLE_DEBUG_INFO = INCLUDE_SOURCE;
				MTL_FAST_MATH = YES;
				ONLY_ACTIVE_ARCH = YES;
				SDKROOT = iphoneos;
				SWIFT_ACTIVE_COMPILATION_CONDITIONS = DEBUG;
				SWIFT_OPTIMIZATION_LEVEL = "-Onone";
			};
			name = Debug;
		};
		5E1476852B7A724700D51196 /* Release */ = {
			isa = XCBuildConfiguration;
			buildSettings = {
				ALWAYS_SEARCH_USER_PATHS = NO;
				CLANG_ANALYZER_NONNULL = YES;
				CLANG_ANALYZER_NUMBER_OBJECT_CONVERSION = YES_AGGRESSIVE;
				CLANG_CXX_LANGUAGE_STANDARD = "gnu++20";
				CLANG_ENABLE_MODULES = YES;
				CLANG_ENABLE_OBJC_ARC = YES;
				CLANG_ENABLE_OBJC_WEAK = YES;
				CLANG_WARN_BLOCK_CAPTURE_AUTORELEASING = YES;
				CLANG_WARN_BOOL_CONVERSION = YES;
				CLANG_WARN_COMMA = YES;
				CLANG_WARN_CONSTANT_CONVERSION = YES;
				CLANG_WARN_DEPRECATED_OBJC_IMPLEMENTATIONS = YES;
				CLANG_WARN_DIRECT_OBJC_ISA_USAGE = YES_ERROR;
				CLANG_WARN_DOCUMENTATION_COMMENTS = YES;
				CLANG_WARN_EMPTY_BODY = YES;
				CLANG_WARN_ENUM_CONVERSION = YES;
				CLANG_WARN_INFINITE_RECURSION = YES;
				CLANG_WARN_INT_CONVERSION = YES;
				CLANG_WARN_NON_LITERAL_NULL_CONVERSION = YES;
				CLANG_WARN_OBJC_IMPLICIT_RETAIN_SELF = YES;
				CLANG_WARN_OBJC_LITERAL_CONVERSION = YES;
				CLANG_WARN_OBJC_ROOT_CLASS = YES_ERROR;
				CLANG_WARN_QUOTED_INCLUDE_IN_FRAMEWORK_HEADER = YES;
				CLANG_WARN_RANGE_LOOP_ANALYSIS = YES;
				CLANG_WARN_STRICT_PROTOTYPES = YES;
				CLANG_WARN_SUSPICIOUS_MOVE = YES;
				CLANG_WARN_UNGUARDED_AVAILABILITY = YES_AGGRESSIVE;
				CLANG_WARN_UNREACHABLE_CODE = YES;
				CLANG_WARN__DUPLICATE_METHOD_MATCH = YES;
				COPY_PHASE_STRIP = NO;
				DEBUG_INFORMATION_FORMAT = "dwarf-with-dsym";
				ENABLE_NS_ASSERTIONS = NO;
				ENABLE_STRICT_OBJC_MSGSEND = YES;
				GCC_C_LANGUAGE_STANDARD = gnu11;
				GCC_NO_COMMON_BLOCKS = YES;
				GCC_WARN_64_TO_32_BIT_CONVERSION = YES;
				GCC_WARN_ABOUT_RETURN_TYPE = YES_ERROR;
				GCC_WARN_UNDECLARED_SELECTOR = YES;
				GCC_WARN_UNINITIALIZED_AUTOS = YES_AGGRESSIVE;
				GCC_WARN_UNUSED_FUNCTION = YES;
				GCC_WARN_UNUSED_VARIABLE = YES;
				IPHONEOS_DEPLOYMENT_TARGET = 16.4;
				MTL_ENABLE_DEBUG_INFO = NO;
				MTL_FAST_MATH = YES;
				SDKROOT = iphoneos;
				SWIFT_COMPILATION_MODE = wholemodule;
				SWIFT_OPTIMIZATION_LEVEL = "-O";
				VALIDATE_PRODUCT = YES;
			};
			name = Release;
		};
		5E1476872B7A724700D51196 /* Debug */ = {
			isa = XCBuildConfiguration;
			buildSettings = {
				ASSETCATALOG_COMPILER_APPICON_NAME = AppIcon;
				ASSETCATALOG_COMPILER_GLOBAL_ACCENT_COLOR_NAME = AccentColor;
				CODE_SIGN_STYLE = Automatic;
				CURRENT_PROJECT_VERSION = 1;
				DEVELOPMENT_ASSET_PATHS = "\"assignment notebook 2/Preview Content\"";
				ENABLE_PREVIEWS = YES;
				GENERATE_INFOPLIST_FILE = YES;
				INFOPLIST_KEY_UIApplicationSceneManifest_Generation = YES;
				INFOPLIST_KEY_UIApplicationSupportsIndirectInputEvents = YES;
				INFOPLIST_KEY_UILaunchScreen_Generation = YES;
				INFOPLIST_KEY_UISupportedInterfaceOrientations_iPad = "UIInterfaceOrientationPortrait UIInterfaceOrientationPortraitUpsideDown UIInterfaceOrientationLandscapeLeft UIInterfaceOrientationLandscapeRight";
				INFOPLIST_KEY_UISupportedInterfaceOrientations_iPhone = "UIInterfaceOrientationPortrait UIInterfaceOrientationLandscapeLeft UIInterfaceOrientationLandscapeRight";
				LD_RUNPATH_SEARCH_PATHS = (
					"$(inherited)",
					"@executable_path/Frameworks",
				);
				MARKETING_VERSION = 1.0;
				PRODUCT_BUNDLE_IDENTIFIER = "Ethan.assignment-notebook-2";
				PRODUCT_NAME = "$(TARGET_NAME)";
				SWIFT_EMIT_LOC_STRINGS = YES;
				SWIFT_VERSION = 5.0;
				TARGETED_DEVICE_FAMILY = "1,2";
			};
			name = Debug;
		};
		5E1476882B7A724700D51196 /* Release */ = {
			isa = XCBuildConfiguration;
			buildSettings = {
				ASSETCATALOG_COMPILER_APPICON_NAME = AppIcon;
				ASSETCATALOG_COMPILER_GLOBAL_ACCENT_COLOR_NAME = AccentColor;
				CODE_SIGN_STYLE = Automatic;
				CURRENT_PROJECT_VERSION = 1;
				DEVELOPMENT_ASSET_PATHS = "\"assignment notebook 2/Preview Content\"";
				ENABLE_PREVIEWS = YES;
				GENERATE_INFOPLIST_FILE = YES;
				INFOPLIST_KEY_UIApplicationSceneManifest_Generation = YES;
				INFOPLIST_KEY_UIApplicationSupportsIndirectInputEvents = YES;
				INFOPLIST_KEY_UILaunchScreen_Generation = YES;
				INFOPLIST_KEY_UISupportedInterfaceOrientations_iPad = "UIInterfaceOrientationPortrait UIInterfaceOrientationPortraitUpsideDown UIInterfaceOrientationLandscapeLeft UIInterfaceOrientationLandscapeRight";
				INFOPLIST_KEY_UISupportedInterfaceOrientations_iPhone = "UIInterfaceOrientationPortrait UIInterfaceOrientationLandscapeLeft UIInterfaceOrientationLandscapeRight";
				LD_RUNPATH_SEARCH_PATHS = (
					"$(inherited)",
					"@executable_path/Frameworks",
				);
				MARKETING_VERSION = 1.0;
				PRODUCT_BUNDLE_IDENTIFIER = "Ethan.assignment-notebook-2";
				PRODUCT_NAME = "$(TARGET_NAME)";
				SWIFT_EMIT_LOC_STRINGS = YES;
				SWIFT_VERSION = 5.0;
				TARGETED_DEVICE_FAMILY = "1,2";
			};
			name = Release;
		};
		5E14768A2B7A724700D51196 /* Debug */ = {
			isa = XCBuildConfiguration;
			buildSettings = {
				ALWAYS_EMBED_SWIFT_STANDARD_LIBRARIES = YES;
				BUNDLE_LOADER = "$(TEST_HOST)";
				CODE_SIGN_STYLE = Automatic;
				CURRENT_PROJECT_VERSION = 1;
				GENERATE_INFOPLIST_FILE = YES;
				IPHONEOS_DEPLOYMENT_TARGET = 16.4;
				MARKETING_VERSION = 1.0;
				PRODUCT_BUNDLE_IDENTIFIER = "Ethan.assignment-notebook-2Tests";
				PRODUCT_NAME = "$(TARGET_NAME)";
				SWIFT_EMIT_LOC_STRINGS = NO;
				SWIFT_VERSION = 5.0;
				TARGETED_DEVICE_FAMILY = "1,2";
				TEST_HOST = "$(BUILT_PRODUCTS_DIR)/assignment notebook 2.app/$(BUNDLE_EXECUTABLE_FOLDER_PATH)/assignment notebook 2";
			};
			name = Debug;
		};
		5E14768B2B7A724700D51196 /* Release */ = {
			isa = XCBuildConfiguration;
			buildSettings = {
				ALWAYS_EMBED_SWIFT_STANDARD_LIBRARIES = YES;
				BUNDLE_LOADER = "$(TEST_HOST)";
				CODE_SIGN_STYLE = Automatic;
				CURRENT_PROJECT_VERSION = 1;
				GENERATE_INFOPLIST_FILE = YES;
				IPHONEOS_DEPLOYMENT_TARGET = 16.4;
				MARKETING_VERSION = 1.0;
				PRODUCT_BUNDLE_IDENTIFIER = "Ethan.assignment-notebook-2Tests";
				PRODUCT_NAME = "$(TARGET_NAME)";
				SWIFT_EMIT_LOC_STRINGS = NO;
				SWIFT_VERSION = 5.0;
				TARGETED_DEVICE_FAMILY = "1,2";
				TEST_HOST = "$(BUILT_PRODUCTS_DIR)/assignment notebook 2.app/$(BUNDLE_EXECUTABLE_FOLDER_PATH)/assignment notebook 2";
			};
			name = Release;
		};
		5E14768D2B7A724700D51196 /* Debug */ = {
			isa = XCBuildConfiguration;
			buildSettings = {
				ALWAYS_EMBED_SWIFT_STANDARD_LIBRARIES = YES;
				CODE_SIGN_STYLE = Automatic;
				CURRENT_PROJECT_VERSION = 1;
				GENERATE_INFOPLIST_FILE = YES;
				MARKETING_VERSION = 1.0;
				PRODUCT_BUNDLE_IDENTIFIER = "Ethan.assignment-notebook-2UITests";
				PRODUCT_NAME = "$(TARGET_NAME)";
				SWIFT_EMIT_LOC_STRINGS = NO;
				SWIFT_VERSION = 5.0;
				TARGETED_DEVICE_FAMILY = "1,2";
				TEST_TARGET_NAME = "assignment notebook 2";
			};
			name = Debug;
		};
		5E14768E2B7A724700D51196 /* Release */ = {
			isa = XCBuildConfiguration;
			buildSettings = {
				ALWAYS_EMBED_SWIFT_STANDARD_LIBRARIES = YES;
				CODE_SIGN_STYLE = Automatic;
				CURRENT_PROJECT_VERSION = 1;
				GENERATE_INFOPLIST_FILE = YES;
				MARKETING_VERSION = 1.0;
				PRODUCT_BUNDLE_IDENTIFIER = "Ethan.assignment-notebook-2UITests";
				PRODUCT_NAME = "$(TARGET_NAME)";
				SWIFT_EMIT_LOC_STRINGS = NO;
				SWIFT_VERSION = 5.0;
				TARGETED_DEVICE_FAMILY = "1,2";
				TEST_TARGET_NAME = "assignment notebook 2";
			};
			name = Release;
		};
/* End XCBuildConfiguration section */

/* Begin XCConfigurationList section */
		5E14765D2B7A724500D51196 /* Build configuration list for PBXProject "assignment notebook 2" */ = {
			isa = XCConfigurationList;
			buildConfigurations = (
				5E1476842B7A724700D51196 /* Debug */,
				5E1476852B7A724700D51196 /* Release */,
			);
			defaultConfigurationIsVisible = 0;
			defaultConfigurationName = Release;
		};
		5E1476862B7A724700D51196 /* Build configuration list for PBXNativeTarget "assignment notebook 2" */ = {
			isa = XCConfigurationList;
			buildConfigurations = (
				5E1476872B7A724700D51196 /* Debug */,
				5E1476882B7A724700D51196 /* Release */,
			);
			defaultConfigurationIsVisible = 0;
			defaultConfigurationName = Release;
		};
		5E1476892B7A724700D51196 /* Build configuration list for PBXNativeTarget "assignment notebook 2Tests" */ = {
			isa = XCConfigurationList;
			buildConfigurations = (
				5E14768A2B7A724700D51196 /* Debug */,
				5E14768B2B7A724700D51196 /* Release */,
			);
			defaultConfigurationIsVisible = 0;
			defaultConfigurationName = Release;
		};
		5E14768C2B7A724700D51196 /* Build configuration list for PBXNativeTarget "assignment notebook 2UITests" */ = {
			isa = XCConfigurationList;
			buildConfigurations = (
				5E14768D2B7A724700D51196 /* Debug */,
				5E14768E2B7A724700D51196 /* Release */,
			);
			defaultConfigurationIsVisible = 0;
			defaultConfigurationName = Release;
		};
/* End XCConfigurationList section */
	};
	rootObject = 5E14765A2B7A724500D51196 /* Project object */;
}
